
Microsoft Visual Studio Solution File, Format Version 12.00
# Visual Studio Version 17
VisualStudioVersion = 17.4.33403.182
MinimumVisualStudioVersion = 10.0.40219.1
Project("{FAE04EC0-301F-11D3-BF4B-00C04F79EFBC}") = "HashSet SortedSet 002", "HashSet SortedSet 002\HashSet SortedSet 002.csproj", "{64D968D6-B9D6-4011-8F6E-52B0E8CA49FD}"
EndProject
Global
	GlobalSection(SolutionConfigurationPlatforms) = preSolution
		Debug|Any CPU = Debug|Any CPU
		Release|Any CPU = Release|Any CPU
	EndGlobalSection
	GlobalSection(ProjectConfigurationPlatforms) = postSolution
		{64D968D6-B9D6-4011-8F6E-52B0E8CA49FD}.Debug|Any CPU.ActiveCfg = Debug|Any CPU
		{64D968D6-B9D6-4011-8F6E-52B0E8CA49FD}.Debug|Any CPU.Build.0 = Debug|Any CPU
		{64D968D6-B9D6-4011-8F6E-52B0E8CA49FD}.Release|Any CPU.ActiveCfg = Release|Any CPU
		{64D968D6-B9D6-4011-8F6E-52B0E8CA49FD}.Release|Any CPU.Build.0 = Release|Any CPU
	EndGlobalSection
	GlobalSection(SolutionProperties) = preSolution
		HideSolutionNode = FALSE
	EndGlobalSection
	GlobalSection(ExtensibilityGlobals) = postSolution
		SolutionGuid = {CAD6E329-C054-4C80-BE24-A2CC8D800B0B}
	EndGlobalSection
EndGlobal
